name: Update flake.lock and nvfetcher files

on:
  schedule:
    - cron: "0 21 * * *"
  workflow_dispatch:

permissions: {}

jobs:
  list-inputs:
    runs-on: ubuntu-latest
    timeout-minutes: 5
    outputs:
      matrix: ${{ steps.list-inputs.outputs.matrix }}
    steps:
      - uses: actions/checkout@8e8c483db84b4bee98b60c0593521ed34d9990e8 # v6.0.1
        with:
          persist-credentials: false
      - uses: ./.github/actions/setup-nix
        with:
          github-token: ${{ secrets.GITHUB_TOKEN }}
      - run: |
          matrix=$(nix eval --impure --json --expr "builtins.attrNames (builtins.getFlake (toString ./.)).inputs")
          echo "matrix=$matrix" >> "$GITHUB_OUTPUT"
        id: list-inputs

  update-flake-inputs:
    needs: list-inputs
    runs-on: ubuntu-latest
    timeout-minutes: 30
    strategy:
      matrix:
        input-name: ${{ fromJSON(needs.list-inputs.outputs.matrix) }}
      fail-fast: false
    steps:
      - uses: actions/checkout@8e8c483db84b4bee98b60c0593521ed34d9990e8 # v6.0.1
        with:
          persist-credentials: false
      - name: Get token
        id: app-token
        uses: actions/create-github-app-token@7e473efe3cb98aa54f8d4bac15400b15fad77d94 # v2.2.0
        with:
          private-key: ${{ secrets.RENOVATE_PRIVATE_KEY }}
          app-id: ${{ secrets.RENOVATE_APP_ID }}
          owner: ${{ github.repository_owner }}
          repositories: |
            dotfiles
          permission-contents: write
          permission-issues: write
          permission-pull-requests: write
      - uses: ./.github/actions/setup-nix
        with:
          github-token: ${{ secrets.GITHUB_TOKEN }}
      - name: Update ${{ matrix.input-name }}
        id: update
        run: |
          nix flake update "$TARGET"
          if git diff --quiet flake.lock _sources; then
            echo "updated=false" >> "$GITHUB_OUTPUT"
          else
            echo "updated=true" >> "$GITHUB_OUTPUT"
          fi
        env:
          TARGET: ${{ matrix.input-name }}
      - name: Create Pull Request
        if: steps.update.outputs.updated == 'true'
        uses: peter-evans/create-pull-request@84ae59a2cdc2258d6fa0732dd66352dddae2a412 # v7.0.9
        with:
          token: ${{ steps.app-token.outputs.token }}
          commit-message: "chore: update ${{ matrix.input-name }}"
          title: "chore: update ${{ matrix.input-name }}"
          body: "Automated update of flake.lock"
          add-paths: |
            flake.lock
            _sources/*
          branch: update-flake-lock-${{ matrix.input-name }}

  update-nvfetcher:
    runs-on: ubuntu-latest
    timeout-minutes: 30
    steps:
      - uses: actions/checkout@8e8c483db84b4bee98b60c0593521ed34d9990e8 # v6.0.1
        with:
          persist-credentials: false
      - name: Get token
        id: app-token
        uses: actions/create-github-app-token@7e473efe3cb98aa54f8d4bac15400b15fad77d94 # v2.2.0
        with:
          private-key: ${{ secrets.RENOVATE_PRIVATE_KEY }}
          app-id: ${{ secrets.RENOVATE_APP_ID }}
          owner: ${{ github.repository_owner }}
          repositories: |
            dotfiles
          permission-contents: write
          permission-issues: write
          permission-pull-requests: write
      - uses: ./.github/actions/setup-nix
        with:
          github-token: ${{ secrets.GITHUB_TOKEN }}
      - name: Update nvfetcher
        id: update
        run: |
          nix run .#sync
          if git diff --quiet _sources; then
            echo "updated=false" >> "$GITHUB_OUTPUT"
          else
            echo "updated=true" >> "$GITHUB_OUTPUT"
          fi
      - name: Create Pull Request
        if: steps.update.outputs.updated == 'true'
        uses: peter-evans/create-pull-request@84ae59a2cdc2258d6fa0732dd66352dddae2a412 # v7.0.9
        with:
          token: ${{ steps.app-token.outputs.token }}
          commit-message: "chore: update nvfetcher files"
          title: "chore: update nvfetcher files"
          add-paths: |
            _sources/*
          branch: update-nvfetcher
